
Microsoft Visual Studio Solution File, Format Version 12.00
# Visual Studio Version 16
VisualStudioVersion = 16.0.29709.97
MinimumVisualStudioVersion = 10.0.40219.1
Project("{2150E333-8FDC-42A3-9474-1A3956D46DE8}") = "src", "src", "{BBA33CEE-17F3-4895-9392-7DD7FD7DB8A5}"
EndProject
Project("{2150E333-8FDC-42A3-9474-1A3956D46DE8}") = "tests", "tests", "{46556545-679B-4C65-8129-1E7DCA2E97AA}"
EndProject
Project("{FAE04EC0-301F-11D3-BF4B-00C04F79EFBC}") = "WebAPI", "src\WebAPI\WebAPI.csproj", "{0B03F85C-D083-4A45-9DC7-9C830A75E129}"
EndProject
Project("{FAE04EC0-301F-11D3-BF4B-00C04F79EFBC}") = "Core", "src\Core\Core.csproj", "{F4EB7105-B670-4192-AE89-D27A4268C08F}"
EndProject
Project("{FAE04EC0-301F-11D3-BF4B-00C04F79EFBC}") = "Infrastructure", "src\Infrastructure\Infrastructure.csproj", "{B5E722E1-D0D9-4F99-A3EE-BF649C3F38D7}"
EndProject
Global
	GlobalSection(SolutionConfigurationPlatforms) = preSolution
		Debug|Any CPU = Debug|Any CPU
		Release|Any CPU = Release|Any CPU
	EndGlobalSection
	GlobalSection(ProjectConfigurationPlatforms) = postSolution
		{0B03F85C-D083-4A45-9DC7-9C830A75E129}.Debug|Any CPU.ActiveCfg = Debug|Any CPU
		{0B03F85C-D083-4A45-9DC7-9C830A75E129}.Debug|Any CPU.Build.0 = Debug|Any CPU
		{0B03F85C-D083-4A45-9DC7-9C830A75E129}.Release|Any CPU.ActiveCfg = Release|Any CPU
		{0B03F85C-D083-4A45-9DC7-9C830A75E129}.Release|Any CPU.Build.0 = Release|Any CPU
		{F4EB7105-B670-4192-AE89-D27A4268C08F}.Debug|Any CPU.ActiveCfg = Debug|Any CPU
		{F4EB7105-B670-4192-AE89-D27A4268C08F}.Debug|Any CPU.Build.0 = Debug|Any CPU
		{F4EB7105-B670-4192-AE89-D27A4268C08F}.Release|Any CPU.ActiveCfg = Release|Any CPU
		{F4EB7105-B670-4192-AE89-D27A4268C08F}.Release|Any CPU.Build.0 = Release|Any CPU
		{B5E722E1-D0D9-4F99-A3EE-BF649C3F38D7}.Debug|Any CPU.ActiveCfg = Debug|Any CPU
		{B5E722E1-D0D9-4F99-A3EE-BF649C3F38D7}.Debug|Any CPU.Build.0 = Debug|Any CPU
		{B5E722E1-D0D9-4F99-A3EE-BF649C3F38D7}.Release|Any CPU.ActiveCfg = Release|Any CPU
		{B5E722E1-D0D9-4F99-A3EE-BF649C3F38D7}.Release|Any CPU.Build.0 = Release|Any CPU
	EndGlobalSection
	GlobalSection(SolutionProperties) = preSolution
		HideSolutionNode = FALSE
	EndGlobalSection
	GlobalSection(NestedProjects) = preSolution
		{0B03F85C-D083-4A45-9DC7-9C830A75E129} = {BBA33CEE-17F3-4895-9392-7DD7FD7DB8A5}
		{F4EB7105-B670-4192-AE89-D27A4268C08F} = {BBA33CEE-17F3-4895-9392-7DD7FD7DB8A5}
		{B5E722E1-D0D9-4F99-A3EE-BF649C3F38D7} = {BBA33CEE-17F3-4895-9392-7DD7FD7DB8A5}
	EndGlobalSection
	GlobalSection(ExtensibilityGlobals) = postSolution
		SolutionGuid = {A445FC24-FEB6-4D6D-8DB2-35AF0B2998DD}
	EndGlobalSection
EndGlobal
